// !$*UTF8*$!
{
	archiveVersion = 1;
	classes = {
	};
	objectVersion = 46;
	objects = {

/* Begin PBXBuildFile section */
		57AD5A381DAE241300B398C5 /* VXSegmentView.swift in Sources */ = {isa = PBXBuildFile; fileRef = 57AD5A361DAE241300B398C5 /* VXSegmentView.swift */; };
		57AD5A391DAE241300B398C5 /* VXSegmentViewCollectionCell.swift in Sources */ = {isa = PBXBuildFile; fileRef = 57AD5A371DAE241300B398C5 /* VXSegmentViewCollectionCell.swift */; };
		5B073C271D9EB4450031733D /* AppDelegate.swift in Sources */ = {isa = PBXBuildFile; fileRef = 5B073C261D9EB4450031733D /* AppDelegate.swift */; };
		5B073C291D9EB4450031733D /* ViewController.swift in Sources */ = {isa = PBXBuildFile; fileRef = 5B073C281D9EB4450031733D /* ViewController.swift */; };
		5B073C2C1D9EB4450031733D /* Main.storyboard in Resources */ = {isa = PBXBuildFile; fileRef = 5B073C2A1D9EB4450031733D /* Main.storyboard */; };
		5B073C2F1D9EB4450031733D /* VXSegmentedPagerExample.xcdatamodeld in Sources */ = {isa = PBXBuildFile; fileRef = 5B073C2D1D9EB4450031733D /* VXSegmentedPagerExample.xcdatamodeld */; };
		5B073C311D9EB4450031733D /* Assets.xcassets in Resources */ = {isa = PBXBuildFile; fileRef = 5B073C301D9EB4450031733D /* Assets.xcassets */; };
		5B073C341D9EB4450031733D /* LaunchScreen.storyboard in Resources */ = {isa = PBXBuildFile; fileRef = 5B073C321D9EB4450031733D /* LaunchScreen.storyboard */; };
		5B073C3F1D9EB4450031733D /* VXSegmentedPagerExampleTests.swift in Sources */ = {isa = PBXBuildFile; fileRef = 5B073C3E1D9EB4450031733D /* VXSegmentedPagerExampleTests.swift */; };
		5B073C4A1D9EB4460031733D /* VXSegmentedPagerExampleUITests.swift in Sources */ = {isa = PBXBuildFile; fileRef = 5B073C491D9EB4460031733D /* VXSegmentedPagerExampleUITests.swift */; };
		5BE4AD021D9EE5F900F1856F /* VXSegmentedPagerController.swift in Sources */ = {isa = PBXBuildFile; fileRef = 5BE4ACFC1D9EE5F900F1856F /* VXSegmentedPagerController.swift */; };
		5BE4AD031D9EE5F900F1856F /* VXSegmentedPagerHorizController.swift in Sources */ = {isa = PBXBuildFile; fileRef = 5BE4ACFD1D9EE5F900F1856F /* VXSegmentedPagerHorizController.swift */; };
		784E8BD17548BD69F03DFB54 /* Pods_VXSegmentedPagerExample.framework in Frameworks */ = {isa = PBXBuildFile; fileRef = 56AB3679E1FF1F16C65D7898 /* Pods_VXSegmentedPagerExample.framework */; };
/* End PBXBuildFile section */

/* Begin PBXContainerItemProxy section */
		5B073C3B1D9EB4450031733D /* PBXContainerItemProxy */ = {
			isa = PBXContainerItemProxy;
			containerPortal = 5B073C1B1D9EB4450031733D /* Project object */;
			proxyType = 1;
			remoteGlobalIDString = 5B073C221D9EB4450031733D;
			remoteInfo = VXSegmentedPagerExample;
		};
		5B073C461D9EB4460031733D /* PBXContainerItemProxy */ = {
			isa = PBXContainerItemProxy;
			containerPortal = 5B073C1B1D9EB4450031733D /* Project object */;
			proxyType = 1;
			remoteGlobalIDString = 5B073C221D9EB4450031733D;
			remoteInfo = VXSegmentedPagerExample;
		};
/* End PBXContainerItemProxy section */

/* Begin PBXFileReference section */
		3180407C7948F5DF6FDD70A8 /* Pods-VXSegmentedPagerExample.release.xcconfig */ = {isa = PBXFileReference; includeInIndex = 1; lastKnownFileType = text.xcconfig; name = "Pods-VXSegmentedPagerExample.release.xcconfig"; path = "Pods/Target Support Files/Pods-VXSegmentedPagerExample/Pods-VXSegmentedPagerExample.release.xcconfig"; sourceTree = "<group>"; };
		56AB3679E1FF1F16C65D7898 /* Pods_VXSegmentedPagerExample.framework */ = {isa = PBXFileReference; explicitFileType = wrapper.framework; includeInIndex = 0; path = Pods_VXSegmentedPagerExample.framework; sourceTree = BUILT_PRODUCTS_DIR; };
		57AD5A361DAE241300B398C5 /* VXSegmentView.swift */ = {isa = PBXFileReference; fileEncoding = 4; lastKnownFileType = sourcecode.swift; path = VXSegmentView.swift; sourceTree = "<group>"; };
		57AD5A371DAE241300B398C5 /* VXSegmentViewCollectionCell.swift */ = {isa = PBXFileReference; fileEncoding = 4; lastKnownFileType = sourcecode.swift; path = VXSegmentViewCollectionCell.swift; sourceTree = "<group>"; };
		5B073C231D9EB4450031733D /* VXSegmentedPagerExample.app */ = {isa = PBXFileReference; explicitFileType = wrapper.application; includeInIndex = 0; path = VXSegmentedPagerExample.app; sourceTree = BUILT_PRODUCTS_DIR; };
		5B073C261D9EB4450031733D /* AppDelegate.swift */ = {isa = PBXFileReference; lastKnownFileType = sourcecode.swift; path = AppDelegate.swift; sourceTree = "<group>"; };
		5B073C281D9EB4450031733D /* ViewController.swift */ = {isa = PBXFileReference; lastKnownFileType = sourcecode.swift; path = ViewController.swift; sourceTree = "<group>"; };
		5B073C2B1D9EB4450031733D /* Base */ = {isa = PBXFileReference; lastKnownFileType = file.storyboard; name = Base; path = Base.lproj/Main.storyboard; sourceTree = "<group>"; };
		5B073C2E1D9EB4450031733D /* VXSegmentedPagerExample.xcdatamodel */ = {isa = PBXFileReference; lastKnownFileType = wrapper.xcdatamodel; path = VXSegmentedPagerExample.xcdatamodel; sourceTree = "<group>"; };
		5B073C301D9EB4450031733D /* Assets.xcassets */ = {isa = PBXFileReference; lastKnownFileType = folder.assetcatalog; path = Assets.xcassets; sourceTree = "<group>"; };
		5B073C331D9EB4450031733D /* Base */ = {isa = PBXFileReference; lastKnownFileType = file.storyboard; name = Base; path = Base.lproj/LaunchScreen.storyboard; sourceTree = "<group>"; };
		5B073C351D9EB4450031733D /* Info.plist */ = {isa = PBXFileReference; lastKnownFileType = text.plist.xml; path = Info.plist; sourceTree = "<group>"; };
		5B073C3A1D9EB4450031733D /* VXSegmentedPagerExampleTests.xctest */ = {isa = PBXFileReference; explicitFileType = wrapper.cfbundle; includeInIndex = 0; path = VXSegmentedPagerExampleTests.xctest; sourceTree = BUILT_PRODUCTS_DIR; };
		5B073C3E1D9EB4450031733D /* VXSegmentedPagerExampleTests.swift */ = {isa = PBXFileReference; lastKnownFileType = sourcecode.swift; path = VXSegmentedPagerExampleTests.swift; sourceTree = "<group>"; };
		5B073C401D9EB4450031733D /* Info.plist */ = {isa = PBXFileReference; lastKnownFileType = text.plist.xml; path = Info.plist; sourceTree = "<group>"; };
		5B073C451D9EB4460031733D /* VXSegmentedPagerExampleUITests.xctest */ = {isa = PBXFileReference; explicitFileType = wrapper.cfbundle; includeInIndex = 0; path = VXSegmentedPagerExampleUITests.xctest; sourceTree = BUILT_PRODUCTS_DIR; };
		5B073C491D9EB4460031733D /* VXSegmentedPagerExampleUITests.swift */ = {isa = PBXFileReference; lastKnownFileType = sourcecode.swift; path = VXSegmentedPagerExampleUITests.swift; sourceTree = "<group>"; };
		5B073C4B1D9EB4460031733D /* Info.plist */ = {isa = PBXFileReference; lastKnownFileType = text.plist.xml; path = Info.plist; sourceTree = "<group>"; };
		5BE4ACFC1D9EE5F900F1856F /* VXSegmentedPagerController.swift */ = {isa = PBXFileReference; fileEncoding = 4; lastKnownFileType = sourcecode.swift; path = VXSegmentedPagerController.swift; sourceTree = "<group>"; };
		5BE4ACFD1D9EE5F900F1856F /* VXSegmentedPagerHorizController.swift */ = {isa = PBXFileReference; fileEncoding = 4; lastKnownFileType = sourcecode.swift; path = VXSegmentedPagerHorizController.swift; sourceTree = "<group>"; };
		E2DAD53F91E13024BFDF4101 /* Pods-VXSegmentedPagerExample.debug.xcconfig */ = {isa = PBXFileReference; includeInIndex = 1; lastKnownFileType = text.xcconfig; name = "Pods-VXSegmentedPagerExample.debug.xcconfig"; path = "Pods/Target Support Files/Pods-VXSegmentedPagerExample/Pods-VXSegmentedPagerExample.debug.xcconfig"; sourceTree = "<group>"; };
/* End PBXFileReference section */

/* Begin PBXFrameworksBuildPhase section */
		5B073C201D9EB4450031733D /* Frameworks */ = {
			isa = PBXFrameworksBuildPhase;
			buildActionMask = 2147483647;
			files = (
				784E8BD17548BD69F03DFB54 /* Pods_VXSegmentedPagerExample.framework in Frameworks */,
			);
			runOnlyForDeploymentPostprocessing = 0;
		};
		5B073C371D9EB4450031733D /* Frameworks */ = {
			isa = PBXFrameworksBuildPhase;
			buildActionMask = 2147483647;
			files = (
			);
			runOnlyForDeploymentPostprocessing = 0;
		};
		5B073C421D9EB4460031733D /* Frameworks */ = {
			isa = PBXFrameworksBuildPhase;
			buildActionMask = 2147483647;
			files = (
			);
			runOnlyForDeploymentPostprocessing = 0;
		};
/* End PBXFrameworksBuildPhase section */

/* Begin PBXGroup section */
		1F7A9B7C7B4E323E209D3520 /* Pods */ = {
			isa = PBXGroup;
			children = (
				E2DAD53F91E13024BFDF4101 /* Pods-VXSegmentedPagerExample.debug.xcconfig */,
				3180407C7948F5DF6FDD70A8 /* Pods-VXSegmentedPagerExample.release.xcconfig */,
			);
			name = Pods;
			sourceTree = "<group>";
		};
		5B073C1A1D9EB4450031733D = {
			isa = PBXGroup;
			children = (
				5B073C251D9EB4450031733D /* VXSegmentedPagerExample */,
				5B073C3D1D9EB4450031733D /* VXSegmentedPagerExampleTests */,
				5B073C481D9EB4460031733D /* VXSegmentedPagerExampleUITests */,
				5B073C241D9EB4450031733D /* Products */,
				1F7A9B7C7B4E323E209D3520 /* Pods */,
				87C0CA78FA3F987C366B98F9 /* Frameworks */,
			);
			sourceTree = "<group>";
		};
		5B073C241D9EB4450031733D /* Products */ = {
			isa = PBXGroup;
			children = (
				5B073C231D9EB4450031733D /* VXSegmentedPagerExample.app */,
				5B073C3A1D9EB4450031733D /* VXSegmentedPagerExampleTests.xctest */,
				5B073C451D9EB4460031733D /* VXSegmentedPagerExampleUITests.xctest */,
			);
			name = Products;
			sourceTree = "<group>";
		};
		5B073C251D9EB4450031733D /* VXSegmentedPagerExample */ = {
			isa = PBXGroup;
			children = (
				5BE4ACF61D9EE5F900F1856F /* VXSegmentedPager */,
				5B073C261D9EB4450031733D /* AppDelegate.swift */,
				5B073C281D9EB4450031733D /* ViewController.swift */,
				5B073C2A1D9EB4450031733D /* Main.storyboard */,
				5B073C301D9EB4450031733D /* Assets.xcassets */,
				5B073C321D9EB4450031733D /* LaunchScreen.storyboard */,
				5B073C351D9EB4450031733D /* Info.plist */,
				5B073C2D1D9EB4450031733D /* VXSegmentedPagerExample.xcdatamodeld */,
			);
			path = VXSegmentedPagerExample;
			sourceTree = "<group>";
		};
		5B073C3D1D9EB4450031733D /* VXSegmentedPagerExampleTests */ = {
			isa = PBXGroup;
			children = (
				5B073C3E1D9EB4450031733D /* VXSegmentedPagerExampleTests.swift */,
				5B073C401D9EB4450031733D /* Info.plist */,
			);
			path = VXSegmentedPagerExampleTests;
			sourceTree = "<group>";
		};
		5B073C481D9EB4460031733D /* VXSegmentedPagerExampleUITests */ = {
			isa = PBXGroup;
			children = (
				5B073C491D9EB4460031733D /* VXSegmentedPagerExampleUITests.swift */,
				5B073C4B1D9EB4460031733D /* Info.plist */,
			);
			path = VXSegmentedPagerExampleUITests;
			sourceTree = "<group>";
		};
		5BE4ACF61D9EE5F900F1856F /* VXSegmentedPager */ = {
			isa = PBXGroup;
			children = (
				5BE4ACFC1D9EE5F900F1856F /* VXSegmentedPagerController.swift */,
				5BE4ACFD1D9EE5F900F1856F /* VXSegmentedPagerHorizController.swift */,
				57AD5A361DAE241300B398C5 /* VXSegmentView.swift */,
				57AD5A371DAE241300B398C5 /* VXSegmentViewCollectionCell.swift */,
			);
			path = VXSegmentedPager;
			sourceTree = "<group>";
		};
		87C0CA78FA3F987C366B98F9 /* Frameworks */ = {
			isa = PBXGroup;
			children = (
				56AB3679E1FF1F16C65D7898 /* Pods_VXSegmentedPagerExample.framework */,
			);
			name = Frameworks;
			sourceTree = "<group>";
		};
/* End PBXGroup section */

/* Begin PBXNativeTarget section */
		5B073C221D9EB4450031733D /* VXSegmentedPagerExample */ = {
			isa = PBXNativeTarget;
			buildConfigurationList = 5B073C4E1D9EB4460031733D /* Build configuration list for PBXNativeTarget "VXSegmentedPagerExample" */;
			buildPhases = (
				09277F0E5E587A3C64918D4B /* [CP] Check Pods Manifest.lock */,
				5B073C1F1D9EB4450031733D /* Sources */,
				5B073C201D9EB4450031733D /* Frameworks */,
				5B073C211D9EB4450031733D /* Resources */,
				02C26CB0412B8872C7FB60DB /* [CP] Embed Pods Frameworks */,
				9A07B885DA23305DD293B1C3 /* [CP] Copy Pods Resources */,
			);
			buildRules = (
			);
			dependencies = (
			);
			name = VXSegmentedPagerExample;
			productName = VXSegmentedPagerExample;
			productReference = 5B073C231D9EB4450031733D /* VXSegmentedPagerExample.app */;
			productType = "com.apple.product-type.application";
		};
		5B073C391D9EB4450031733D /* VXSegmentedPagerExampleTests */ = {
			isa = PBXNativeTarget;
			buildConfigurationList = 5B073C511D9EB4460031733D /* Build configuration list for PBXNativeTarget "VXSegmentedPagerExampleTests" */;
			buildPhases = (
				5B073C361D9EB4450031733D /* Sources */,
				5B073C371D9EB4450031733D /* Frameworks */,
				5B073C381D9EB4450031733D /* Resources */,
			);
			buildRules = (
			);
			dependencies = (
				5B073C3C1D9EB4450031733D /* PBXTargetDependency */,
			);
			name = VXSegmentedPagerExampleTests;
			productName = VXSegmentedPagerExampleTests;
			productReference = 5B073C3A1D9EB4450031733D /* VXSegmentedPagerExampleTests.xctest */;
			productType = "com.apple.product-type.bundle.unit-test";
		};
		5B073C441D9EB4460031733D /* VXSegmentedPagerExampleUITests */ = {
			isa = PBXNativeTarget;
			buildConfigurationList = 5B073C541D9EB4460031733D /* Build configuration list for PBXNativeTarget "VXSegmentedPagerExampleUITests" */;
			buildPhases = (
				5B073C411D9EB4460031733D /* Sources */,
				5B073C421D9EB4460031733D /* Frameworks */,
				5B073C431D9EB4460031733D /* Resources */,
			);
			buildRules = (
			);
			dependencies = (
				5B073C471D9EB4460031733D /* PBXTargetDependency */,
			);
			name = VXSegmentedPagerExampleUITests;
			productName = VXSegmentedPagerExampleUITests;
			productReference = 5B073C451D9EB4460031733D /* VXSegmentedPagerExampleUITests.xctest */;
			productType = "com.apple.product-type.bundle.ui-testing";
		};
/* End PBXNativeTarget section */

/* Begin PBXProject section */
		5B073C1B1D9EB4450031733D /* Project object */ = {
			isa = PBXProject;
			attributes = {
				CLASSPREFIX = VX;
				LastSwiftUpdateCheck = 0730;
				LastUpgradeCheck = 0730;
				ORGANIZATIONNAME = voidxin;
				TargetAttributes = {
					5B073C221D9EB4450031733D = {
						CreatedOnToolsVersion = 7.3.1;
					};
					5B073C391D9EB4450031733D = {
						CreatedOnToolsVersion = 7.3.1;
						TestTargetID = 5B073C221D9EB4450031733D;
					};
					5B073C441D9EB4460031733D = {
						CreatedOnToolsVersion = 7.3.1;
						TestTargetID = 5B073C221D9EB4450031733D;
					};
				};
			};
			buildConfigurationList = 5B073C1E1D9EB4450031733D /* Build configuration list for PBXProject "VXSegmentedPagerExample" */;
			compatibilityVersion = "Xcode 3.2";
			developmentRegion = English;
			hasScannedForEncodings = 0;
			knownRegions = (
				en,
				Base,
			);
			mainGroup = 5B073C1A1D9EB4450031733D;
			productRefGroup = 5B073C241D9EB4450031733D /* Products */;
			projectDirPath = "";
			projectRoot = "";
			targets = (
				5B073C221D9EB4450031733D /* VXSegmentedPagerExample */,
				5B073C391D9EB4450031733D /* VXSegmentedPagerExampleTests */,
				5B073C441D9EB4460031733D /* VXSegmentedPagerExampleUITests */,
			);
		};
/* End PBXProject section */

/* Begin PBXResourcesBuildPhase section */
		5B073C211D9EB4450031733D /* Resources */ = {
			isa = PBXResourcesBuildPhase;
			buildActionMask = 2147483647;
			files = (
				5B073C341D9EB4450031733D /* LaunchScreen.storyboard in Resources */,
				5B073C311D9EB4450031733D /* Assets.xcassets in Resources */,
				5B073C2C1D9EB4450031733D /* Main.storyboard in Resources */,
			);
			runOnlyForDeploymentPostprocessing = 0;
		};
		5B073C381D9EB4450031733D /* Resources */ = {
			isa = PBXResourcesBuildPhase;
			buildActionMask = 2147483647;
			files = (
			);
			runOnlyForDeploymentPostprocessing = 0;
		};
		5B073C431D9EB4460031733D /* Resources */ = {
			isa = PBXResourcesBuildPhase;
			buildActionMask = 2147483647;
			files = (
			);
			runOnlyForDeploymentPostprocessing = 0;
		};
/* End PBXResourcesBuildPhase section */

/* Begin PBXShellScriptBuildPhase section */
		02C26CB0412B8872C7FB60DB /* [CP] Embed Pods Frameworks */ = {
			isa = PBXShellScriptBuildPhase;
			buildActionMask = 2147483647;
			files = (
			);
			inputPaths = (
			);
			name = "[CP] Embed Pods Frameworks";
			outputPaths = (
			);
			runOnlyForDeploymentPostprocessing = 0;
			shellPath = /bin/sh;
			shellScript = "\"${SRCROOT}/Pods/Target Support Files/Pods-VXSegmentedPagerExample/Pods-VXSegmentedPagerExample-frameworks.sh\"\n";
			showEnvVarsInLog = 0;
		};
		09277F0E5E587A3C64918D4B /* [CP] Check Pods Manifest.lock */ = {
			isa = PBXShellScriptBuildPhase;
			buildActionMask = 2147483647;
			files = (
			);
			inputPaths = (
			);
			name = "[CP] Check Pods Manifest.lock";
			outputPaths = (
			);
			runOnlyForDeploymentPostprocessing = 0;
			shellPath = /bin/sh;
			shellScript = "diff \"${PODS_ROOT}/../Podfile.lock\" \"${PODS_ROOT}/Manifest.lock\" > /dev/null\nif [[ $? != 0 ]] ; then\n    cat << EOM\nerror: The sandbox is not in sync with the Podfile.lock. Run 'pod install' or update your CocoaPods installation.\nEOM\n    exit 1\nfi\n";
			showEnvVarsInLog = 0;
		};
		9A07B885DA23305DD293B1C3 /* [CP] Copy Pods Resources */ = {
			isa = PBXShellScriptBuildPhase;
			buildActionMask = 2147483647;
			files = (
			);
			inputPaths = (
			);
			name = "[CP] Copy Pods Resources";
			outputPaths = (
			);
			runOnlyForDeploymentPostprocessing = 0;
			shellPath = /bin/sh;
			shellScript = "\"${SRCROOT}/Pods/Target Support Files/Pods-VXSegmentedPagerExample/Pods-VXSegmentedPagerExample-resources.sh\"\n";
			showEnvVarsInLog = 0;
		};
/* End PBXShellScriptBuildPhase section */

/* Begin PBXSourcesBuildPhase section */
		5B073C1F1D9EB4450031733D /* Sources */ = {
			isa = PBXSourcesBuildPhase;
			buildActionMask = 2147483647;
			files = (
				57AD5A381DAE241300B398C5 /* VXSegmentView.swift in Sources */,
				5B073C291D9EB4450031733D /* ViewController.swift in Sources */,
				57AD5A391DAE241300B398C5 /* VXSegmentViewCollectionCell.swift in Sources */,
				5BE4AD031D9EE5F900F1856F /* VXSegmentedPagerHorizController.swift in Sources */,
				5BE4AD021D9EE5F900F1856F /* VXSegmentedPagerController.swift in Sources */,
				5B073C271D9EB4450031733D /* AppDelegate.swift in Sources */,
				5B073C2F1D9EB4450031733D /* VXSegmentedPagerExample.xcdatamodeld in Sources */,
			);
			runOnlyForDeploymentPostprocessing = 0;
		};
		5B073C361D9EB4450031733D /* Sources */ = {
			isa = PBXSourcesBuildPhase;
			buildActionMask = 2147483647;
			files = (
				5B073C3F1D9EB4450031733D /* VXSegmentedPagerExampleTests.swift in Sources */,
			);
			runOnlyForDeploymentPostprocessing = 0;
		};
		5B073C411D9EB4460031733D /* Sources */ = {
			isa = PBXSourcesBuildPhase;
			buildActionMask = 2147483647;
			files = (
				5B073C4A1D9EB4460031733D /* VXSegmentedPagerExampleUITests.swift in Sources */,
			);
			runOnlyForDeploymentPostprocessing = 0;
		};
/* End PBXSourcesBuildPhase section */

/* Begin PBXTargetDependency section */
		5B073C3C1D9EB4450031733D /* PBXTargetDependency */ = {
			isa = PBXTargetDependency;
			target = 5B073C221D9EB4450031733D /* VXSegmentedPagerExample */;
			targetProxy = 5B073C3B1D9EB4450031733D /* PBXContainerItemProxy */;
		};
		5B073C471D9EB4460031733D /* PBXTargetDependency */ = {
			isa = PBXTargetDependency;
			target = 5B073C221D9EB4450031733D /* VXSegmentedPagerExample */;
			targetProxy = 5B073C461D9EB4460031733D /* PBXContainerItemProxy */;
		};
/* End PBXTargetDependency section */

/* Begin PBXVariantGroup section */
		5B073C2A1D9EB4450031733D /* Main.storyboard */ = {
			isa = PBXVariantGroup;
			children = (
				5B073C2B1D9EB4450031733D /* Base */,
			);
			name = Main.storyboard;
			sourceTree = "<group>";
		};
		5B073C321D9EB4450031733D /* LaunchScreen.storyboard */ = {
			isa = PBXVariantGroup;
			children = (
				5B073C331D9EB4450031733D /* Base */,
			);
			name = LaunchScreen.storyboard;
			sourceTree = "<group>";
		};
/* End PBXVariantGroup section */

/* Begin XCBuildConfiguration section */
		5B073C4C1D9EB4460031733D /* Debug */ = {
			isa = XCBuildConfiguration;
			buildSettings = {
				ALWAYS_SEARCH_USER_PATHS = NO;
				CLANG_ANALYZER_NONNULL = YES;
				CLANG_CXX_LANGUAGE_STANDARD = "gnu++0x";
				CLANG_CXX_LIBRARY = "libc++";
				CLANG_ENABLE_MODULES = YES;
				CLANG_ENABLE_OBJC_ARC = YES;
				CLANG_WARN_BOOL_CONVERSION = YES;
				CLANG_WARN_CONSTANT_CONVERSION = YES;
				CLANG_WARN_DIRECT_OBJC_ISA_USAGE = YES_ERROR;
				CLANG_WARN_EMPTY_BODY = YES;
				CLANG_WARN_ENUM_CONVERSION = YES;
				CLANG_WARN_INT_CONVERSION = YES;
				CLANG_WARN_OBJC_ROOT_CLASS = YES_ERROR;
				CLANG_WARN_UNREACHABLE_CODE = YES;
				CLANG_WARN__DUPLICATE_METHOD_MATCH = YES;
				"CODE_SIGN_IDENTITY[sdk=iphoneos*]" = "iPhone Developer";
				COPY_PHASE_STRIP = NO;
				DEBUG_INFORMATION_FORMAT = dwarf;
				ENABLE_STRICT_OBJC_MSGSEND = YES;
				ENABLE_TESTABILITY = YES;
				GCC_C_LANGUAGE_STANDARD = gnu99;
				GCC_DYNAMIC_NO_PIC = NO;
				GCC_NO_COMMON_BLOCKS = YES;
				GCC_OPTIMIZATION_LEVEL = 0;
				GCC_PREPROCESSOR_DEFINITIONS = (
					"DEBUG=1",
					"$(inherited)",
				);
				GCC_WARN_64_TO_32_BIT_CONVERSION = YES;
				GCC_WARN_ABOUT_RETURN_TYPE = YES_ERROR;
				GCC_WARN_UNDECLARED_SELECTOR = YES;
				GCC_WARN_UNINITIALIZED_AUTOS = YES_AGGRESSIVE;
				GCC_WARN_UNUSED_FUNCTION = YES;
				GCC_WARN_UNUSED_VARIABLE = YES;
				IPHONEOS_DEPLOYMENT_TARGET = 9.3;
				MTL_ENABLE_DEBUG_INFO = YES;
				ONLY_ACTIVE_ARCH = YES;
				SDKROOT = iphoneos;
				SWIFT_OPTIMIZATION_LEVEL = "-Onone";
			};
			name = Debug;
		};
		5B073C4D1D9EB4460031733D /* Release */ = {
			isa = XCBuildConfiguration;
			buildSettings = {
				ALWAYS_SEARCH_USER_PATHS = NO;
				CLANG_ANALYZER_NONNULL = YES;
				CLANG_CXX_LANGUAGE_STANDARD = "gnu++0x";
				CLANG_CXX_LIBRARY = "libc++";
				CLANG_ENABLE_MODULES = YES;
				CLANG_ENABLE_OBJC_ARC = YES;
				CLANG_WARN_BOOL_CONVERSION = YES;
				CLANG_WARN_CONSTANT_CONVERSION = YES;
				CLANG_WARN_DIRECT_OBJC_ISA_USAGE = YES_ERROR;
				CLANG_WARN_EMPTY_BODY = YES;
				CLANG_WARN_ENUM_CONVERSION = YES;
				CLANG_WARN_INT_CONVERSION = YES;
				CLANG_WARN_OBJC_ROOT_CLASS = YES_ERROR;
				CLANG_WARN_UNREACHABLE_CODE = YES;
				CLANG_WARN__DUPLICATE_METHOD_MATCH = YES;
				"CODE_SIGN_IDENTITY[sdk=iphoneos*]" = "iPhone Developer";
				COPY_PHASE_STRIP = NO;
				DEBUG_INFORMATION_FORMAT = "dwarf-with-dsym";
				ENABLE_NS_ASSERTIONS = NO;
				ENABLE_STRICT_OBJC_MSGSEND = YES;
				GCC_C_LANGUAGE_STANDARD = gnu99;
				GCC_NO_COMMON_BLOCKS = YES;
				GCC_WARN_64_TO_32_BIT_CONVERSION = YES;
				GCC_WARN_ABOUT_RETURN_TYPE = YES_ERROR;
				GCC_WARN_UNDECLARED_SELECTOR = YES;
				GCC_WARN_UNINITIALIZED_AUTOS = YES_AGGRESSIVE;
				GCC_WARN_UNUSED_FUNCTION = YES;
				GCC_WARN_UNUSED_VARIABLE = YES;
				IPHONEOS_DEPLOYMENT_TARGET = 9.3;
				MTL_ENABLE_DEBUG_INFO = NO;
				SDKROOT = iphoneos;
				VALIDATE_PRODUCT = YES;
			};
			name = Release;
		};
		5B073C4F1D9EB4460031733D /* Debug */ = {
			isa = XCBuildConfiguration;
			baseConfigurationReference = E2DAD53F91E13024BFDF4101 /* Pods-VXSegmentedPagerExample.debug.xcconfig */;
			buildSettings = {
				ASSETCATALOG_COMPILER_APPICON_NAME = AppIcon;
				FRAMEWORK_SEARCH_PATHS = (
					"$(inherited)",
					"\"$PODS_CONFIGURATION_BUILD_DIR/SnapKit\"",
					"\"$(SRCROOT)/Pods/Pods.xcodeproj\"",
				);
				INFOPLIST_FILE = VXSegmentedPagerExample/Info.plist;
				IPHONEOS_DEPLOYMENT_TARGET = 8.0;
				LD_RUNPATH_SEARCH_PATHS = "$(inherited) @executable_path/Frameworks";
				PRODUCT_BUNDLE_IDENTIFIER = com.voidxin.VXSegmentedPagerExample;
				PRODUCT_NAME = "$(TARGET_NAME)";
			};
			name = Debug;
		};
		5B073C501D9EB4460031733D /* Release */ = {
			isa = XCBuildConfiguration;
			baseConfigurationReference = 3180407C7948F5DF6FDD70A8 /* Pods-VXSegmentedPagerExample.release.xcconfig */;
			buildSettings = {
				ASSETCATALOG_COMPILER_APPICON_NAME = AppIcon;
				FRAMEWORK_SEARCH_PATHS = (
					"$(inherited)",
					"\"$PODS_CONFIGURATION_BUILD_DIR/SnapKit\"",
					"\"$(SRCROOT)/Pods/Pods.xcodeproj\"",
				);
				INFOPLIST_FILE = VXSegmentedPagerExample/Info.plist;
				IPHONEOS_DEPLOYMENT_TARGET = 8.0;
				LD_RUNPATH_SEARCH_PATHS = "$(inherited) @executable_path/Frameworks";
				PRODUCT_BUNDLE_IDENTIFIER = com.voidxin.VXSegmentedPagerExample;
				PRODUCT_NAME = "$(TARGET_NAME)";
			};
			name = Release;
		};
		5B073C521D9EB4460031733D /* Debug */ = {
			isa = XCBuildConfiguration;
			buildSettings = {
				BUNDLE_LOADER = "$(TEST_HOST)";
				INFOPLIST_FILE = VXSegmentedPagerExampleTests/Info.plist;
				LD_RUNPATH_SEARCH_PATHS = "$(inherited) @executable_path/Frameworks @loader_path/Frameworks";
				PRODUCT_BUNDLE_IDENTIFIER = com.voidxin.VXSegmentedPagerExampleTests;
				PRODUCT_NAME = "$(TARGET_NAME)";
				TEST_HOST = "$(BUILT_PRODUCTS_DIR)/VXSegmentedPagerExample.app/VXSegmentedPagerExample";
			};
			name = Debug;
		};
		5B073C531D9EB4460031733D /* Release */ = {
			isa = XCBuildConfiguration;
			buildSettings = {
				BUNDLE_LOADER = "$(TEST_HOST)";
				INFOPLIST_FILE = VXSegmentedPagerExampleTests/Info.plist;
				LD_RUNPATH_SEARCH_PATHS = "$(inherited) @executable_path/Frameworks @loader_path/Frameworks";
				PRODUCT_BUNDLE_IDENTIFIER = com.voidxin.VXSegmentedPagerExampleTests;
				PRODUCT_NAME = "$(TARGET_NAME)";
				TEST_HOST = "$(BUILT_PRODUCTS_DIR)/VXSegmentedPagerExample.app/VXSegmentedPagerExample";
			};
			name = Release;
		};
		5B073C551D9EB4460031733D /* Debug */ = {
			isa = XCBuildConfiguration;
			buildSettings = {
				INFOPLIST_FILE = VXSegmentedPagerExampleUITests/Info.plist;
				LD_RUNPATH_SEARCH_PATHS = "$(inherited) @executable_path/Frameworks @loader_path/Frameworks";
				PRODUCT_BUNDLE_IDENTIFIER = com.voidxin.VXSegmentedPagerExampleUITests;
				PRODUCT_NAME = "$(TARGET_NAME)";
				TEST_TARGET_NAME = VXSegmentedPagerExample;
			};
			name = Debug;
		};
		5B073C561D9EB4460031733D /* Release */ = {
			isa = XCBuildConfiguration;
			buildSettings = {
				INFOPLIST_FILE = VXSegmentedPagerExampleUITests/Info.plist;
				LD_RUNPATH_SEARCH_PATHS = "$(inherited) @executable_path/Frameworks @loader_path/Frameworks";
				PRODUCT_BUNDLE_IDENTIFIER = com.voidxin.VXSegmentedPagerExampleUITests;
				PRODUCT_NAME = "$(TARGET_NAME)";
				TEST_TARGET_NAME = VXSegmentedPagerExample;
			};
			name = Release;
		};
/* End XCBuildConfiguration section */

/* Begin XCConfigurationList section */
		5B073C1E1D9EB4450031733D /* Build configuration list for PBXProject "VXSegmentedPagerExample" */ = {
			isa = XCConfigurationList;
			buildConfigurations = (
				5B073C4C1D9EB4460031733D /* Debug */,
				5B073C4D1D9EB4460031733D /* Release */,
			);
			defaultConfigurationIsVisible = 0;
			defaultConfigurationName = Release;
		};
		5B073C4E1D9EB4460031733D /* Build configuration list for PBXNativeTarget "VXSegmentedPagerExample" */ = {
			isa = XCConfigurationList;
			buildConfigurations = (
				5B073C4F1D9EB4460031733D /* Debug */,
				5B073C501D9EB4460031733D /* Release */,
			);
			defaultConfigurationIsVisible = 0;
			defaultConfigurationName = Release;
		};
		5B073C511D9EB4460031733D /* Build configuration list for PBXNativeTarget "VXSegmentedPagerExampleTests" */ = {
			isa = XCConfigurationList;
			buildConfigurations = (
				5B073C521D9EB4460031733D /* Debug */,
				5B073C531D9EB4460031733D /* Release */,
			);
			defaultConfigurationIsVisible = 0;
			defaultConfigurationName = Release;
		};
		5B073C541D9EB4460031733D /* Build configuration list for PBXNativeTarget "VXSegmentedPagerExampleUITests" */ = {
			isa = XCConfigurationList;
			buildConfigurations = (
				5B073C551D9EB4460031733D /* Debug */,
				5B073C561D9EB4460031733D /* Release */,
			);
			defaultConfigurationIsVisible = 0;
			defaultConfigurationName = Release;
		};
/* End XCConfigurationList section */

/* Begin XCVersionGroup section */
		5B073C2D1D9EB4450031733D /* VXSegmentedPagerExample.xcdatamodeld */ = {
			isa = XCVersionGroup;
			children = (
				5B073C2E1D9EB4450031733D /* VXSegmentedPagerExample.xcdatamodel */,
			);
			currentVersion = 5B073C2E1D9EB4450031733D /* VXSegmentedPagerExample.xcdatamodel */;
			path = VXSegmentedPagerExample.xcdatamodeld;
			sourceTree = "<group>";
			versionGroupType = wrapper.xcdatamodel;
		};
/* End XCVersionGroup section */
	};
	rootObject = 5B073C1B1D9EB4450031733D /* Project object */;
}
